// !$*UTF8*$!
{
	archiveVersion = 1;
	classes = {
	};
	objectVersion = 46;
	objects = {

/* Begin PBXBuildFile section */
		9C7E4A971C0EA8ED008F91F2 /* main.m in Sources */ = {isa = PBXBuildFile; fileRef = 9C7E4A961C0EA8ED008F91F2 /* main.m */; };
		9C7E4A9A1C0EA8ED008F91F2 /* AppDelegate.m in Sources */ = {isa = PBXBuildFile; fileRef = 9C7E4A991C0EA8ED008F91F2 /* AppDelegate.m */; };
		9C7E4A9D1C0EA8ED008F91F2 /* ViewController.m in Sources */ = {isa = PBXBuildFile; fileRef = 9C7E4A9C1C0EA8ED008F91F2 /* ViewController.m */; };
		9C7E4AA01C0EA8ED008F91F2 /* Main.storyboard in Resources */ = {isa = PBXBuildFile; fileRef = 9C7E4A9E1C0EA8ED008F91F2 /* Main.storyboard */; };
		9C7E4AA21C0EA8ED008F91F2 /* Assets.xcassets in Resources */ = {isa = PBXBuildFile; fileRef = 9C7E4AA11C0EA8ED008F91F2 /* Assets.xcassets */; };
		9C7E4AA51C0EA8ED008F91F2 /* LaunchScreen.storyboard in Resources */ = {isa = PBXBuildFile; fileRef = 9C7E4AA31C0EA8ED008F91F2 /* LaunchScreen.storyboard */; };
		9C7E4AB01C0EA93E008F91F2 /* SKAudioBuffer.m in Sources */ = {isa = PBXBuildFile; fileRef = 9C7E4AAD1C0EA93E008F91F2 /* SKAudioBuffer.m */; };
		9C7E4AB11C0EA93E008F91F2 /* SKAudioParser.m in Sources */ = {isa = PBXBuildFile; fileRef = 9C7E4AAF1C0EA93E008F91F2 /* SKAudioParser.m */; };
		9C7E4AB41C0EA970008F91F2 /* SKAudioConverter.m in Sources */ = {isa = PBXBuildFile; fileRef = 9C7E4AB31C0EA970008F91F2 /* SKAudioConverter.m */; };
/* End PBXBuildFile section */

/* Begin PBXFileReference section */
		9C7E4A921C0EA8ED008F91F2 /* RemoteInput.app */ = {isa = PBXFileReference; explicitFileType = wrapper.application; includeInIndex = 0; path = RemoteInput.app; sourceTree = BUILT_PRODUCTS_DIR; };
		9C7E4A961C0EA8ED008F91F2 /* main.m */ = {isa = PBXFileReference; lastKnownFileType = sourcecode.c.objc; path = main.m; sourceTree = "<group>"; };
		9C7E4A981C0EA8ED008F91F2 /* AppDelegate.h */ = {isa = PBXFileReference; lastKnownFileType = sourcecode.c.h; path = AppDelegate.h; sourceTree = "<group>"; };
		9C7E4A991C0EA8ED008F91F2 /* AppDelegate.m */ = {isa = PBXFileReference; lastKnownFileType = sourcecode.c.objc; path = AppDelegate.m; sourceTree = "<group>"; };
		9C7E4A9B1C0EA8ED008F91F2 /* ViewController.h */ = {isa = PBXFileReference; lastKnownFileType = sourcecode.c.h; path = ViewController.h; sourceTree = "<group>"; };
		9C7E4A9C1C0EA8ED008F91F2 /* ViewController.m */ = {isa = PBXFileReference; lastKnownFileType = sourcecode.c.objc; path = ViewController.m; sourceTree = "<group>"; };
		9C7E4A9F1C0EA8ED008F91F2 /* Base */ = {isa = PBXFileReference; lastKnownFileType = file.storyboard; name = Base; path = Base.lproj/Main.storyboard; sourceTree = "<group>"; };
		9C7E4AA11C0EA8ED008F91F2 /* Assets.xcassets */ = {isa = PBXFileReference; lastKnownFileType = folder.assetcatalog; path = Assets.xcassets; sourceTree = "<group>"; };
		9C7E4AA41C0EA8ED008F91F2 /* Base */ = {isa = PBXFileReference; lastKnownFileType = file.storyboard; name = Base; path = Base.lproj/LaunchScreen.storyboard; sourceTree = "<group>"; };
		9C7E4AA61C0EA8ED008F91F2 /* Info.plist */ = {isa = PBXFileReference; lastKnownFileType = text.plist.xml; path = Info.plist; sourceTree = "<group>"; };
		9C7E4AAC1C0EA93E008F91F2 /* SKAudioBuffer.h */ = {isa = PBXFileReference; fileEncoding = 4; lastKnownFileType = sourcecode.c.h; name = SKAudioBuffer.h; path = RemoteInput/SKAudioBuffer.h; sourceTree = "<group>"; };
		9C7E4AAD1C0EA93E008F91F2 /* SKAudioBuffer.m */ = {isa = PBXFileReference; fileEncoding = 4; lastKnownFileType = sourcecode.c.objc; name = SKAudioBuffer.m; path = RemoteInput/SKAudioBuffer.m; sourceTree = "<group>"; };
		9C7E4AAE1C0EA93E008F91F2 /* SKAudioParser.h */ = {isa = PBXFileReference; fileEncoding = 4; lastKnownFileType = sourcecode.c.h; name = SKAudioParser.h; path = RemoteInput/SKAudioParser.h; sourceTree = "<group>"; };
		9C7E4AAF1C0EA93E008F91F2 /* SKAudioParser.m */ = {isa = PBXFileReference; fileEncoding = 4; lastKnownFileType = sourcecode.c.objc; name = SKAudioParser.m; path = RemoteInput/SKAudioParser.m; sourceTree = "<group>"; };
		9C7E4AB21C0EA970008F91F2 /* SKAudioConverter.h */ = {isa = PBXFileReference; fileEncoding = 4; lastKnownFileType = sourcecode.c.h; name = SKAudioConverter.h; path = RemoteInput/SKAudioConverter.h; sourceTree = "<group>"; };
		9C7E4AB31C0EA970008F91F2 /* SKAudioConverter.m */ = {isa = PBXFileReference; fileEncoding = 4; lastKnownFileType = sourcecode.c.objc; name = SKAudioConverter.m; path = RemoteInput/SKAudioConverter.m; sourceTree = "<group>"; };
/* End PBXFileReference section */

/* Begin PBXFrameworksBuildPhase section */
		9C7E4A8F1C0EA8ED008F91F2 /* Frameworks */ = {
			isa = PBXFrameworksBuildPhase;
			buildActionMask = 2147483647;
			files = (
			);
			runOnlyForDeploymentPostprocessing = 0;
		};
/* End PBXFrameworksBuildPhase section */

/* Begin PBXGroup section */
		9C7E4A891C0EA8ED008F91F2 = {
			isa = PBXGroup;
			children = (
				9C7E4AB21C0EA970008F91F2 /* SKAudioConverter.h */,
				9C7E4AB31C0EA970008F91F2 /* SKAudioConverter.m */,
				9C7E4AAC1C0EA93E008F91F2 /* SKAudioBuffer.h */,
				9C7E4AAD1C0EA93E008F91F2 /* SKAudioBuffer.m */,
				9C7E4AAE1C0EA93E008F91F2 /* SKAudioParser.h */,
				9C7E4AAF1C0EA93E008F91F2 /* SKAudioParser.m */,
				9C7E4A941C0EA8ED008F91F2 /* RemoteInput */,
				9C7E4A931C0EA8ED008F91F2 /* Products */,
			);
			sourceTree = "<group>";
		};
		9C7E4A931C0EA8ED008F91F2 /* Products */ = {
			isa = PBXGroup;
			children = (
				9C7E4A921C0EA8ED008F91F2 /* RemoteInput.app */,
			);
			name = Products;
			sourceTree = "<group>";
		};
		9C7E4A941C0EA8ED008F91F2 /* RemoteInput */ = {
			isa = PBXGroup;
			children = (
				9C7E4A981C0EA8ED008F91F2 /* AppDelegate.h */,
				9C7E4A991C0EA8ED008F91F2 /* AppDelegate.m */,
				9C7E4A9B1C0EA8ED008F91F2 /* ViewController.h */,
				9C7E4A9C1C0EA8ED008F91F2 /* ViewController.m */,
				9C7E4A9E1C0EA8ED008F91F2 /* Main.storyboard */,
				9C7E4AA11C0EA8ED008F91F2 /* Assets.xcassets */,
				9C7E4AA31C0EA8ED008F91F2 /* LaunchScreen.storyboard */,
				9C7E4AA61C0EA8ED008F91F2 /* Info.plist */,
				9C7E4A951C0EA8ED008F91F2 /* Supporting Files */,
			);
			path = RemoteInput;
			sourceTree = "<group>";
		};
		9C7E4A951C0EA8ED008F91F2 /* Supporting Files */ = {
			isa = PBXGroup;
			children = (
				9C7E4A961C0EA8ED008F91F2 /* main.m */,
			);
			name = "Supporting Files";
			sourceTree = "<group>";
		};
/* End PBXGroup section */

/* Begin PBXNativeTarget section */
		9C7E4A911C0EA8ED008F91F2 /* RemoteInput */ = {
			isa = PBXNativeTarget;
			buildConfigurationList = 9C7E4AA91C0EA8ED008F91F2 /* Build configuration list for PBXNativeTarget "RemoteInput" */;
			buildPhases = (
				9C7E4A8E1C0EA8ED008F91F2 /* Sources */,
				9C7E4A8F1C0EA8ED008F91F2 /* Frameworks */,
				9C7E4A901C0EA8ED008F91F2 /* Resources */,
			);
			buildRules = (
			);
			dependencies = (
			);
			name = RemoteInput;
			productName = RemoteInput;
			productReference = 9C7E4A921C0EA8ED008F91F2 /* RemoteInput.app */;
			productType = "com.apple.product-type.application";
		};
/* End PBXNativeTarget section */

/* Begin PBXProject section */
		9C7E4A8A1C0EA8ED008F91F2 /* Project object */ = {
			isa = PBXProject;
			attributes = {
				LastUpgradeCheck = 0710;
				ORGANIZATIONNAME = StevenKuo;
				TargetAttributes = {
					9C7E4A911C0EA8ED008F91F2 = {
						CreatedOnToolsVersion = 7.1.1;
						DevelopmentTeam = Z48FVJQBYK;
					};
				};
			};
			buildConfigurationList = 9C7E4A8D1C0EA8ED008F91F2 /* Build configuration list for PBXProject "RemoteInput" */;
			compatibilityVersion = "Xcode 3.2";
			developmentRegion = English;
			hasScannedForEncodings = 0;
			knownRegions = (
				en,
				Base,
			);
			mainGroup = 9C7E4A891C0EA8ED008F91F2;
			productRefGroup = 9C7E4A931C0EA8ED008F91F2 /* Products */;
			projectDirPath = "";
			projectRoot = "";
			targets = (
				9C7E4A911C0EA8ED008F91F2 /* RemoteInput */,
			);
		};
/* End PBXProject section */

/* Begin PBXResourcesBuildPhase section */
		9C7E4A901C0EA8ED008F91F2 /* Resources */ = {
			isa = PBXResourcesBuildPhase;
			buildActionMask = 2147483647;
			files = (
				9C7E4AA51C0EA8ED008F91F2 /* LaunchScreen.storyboard in Resources */,
				9C7E4AA21C0EA8ED008F91F2 /* Assets.xcassets in Resources */,
				9C7E4AA01C0EA8ED008F91F2 /* Main.storyboard in Resources */,
			);
			runOnlyForDeploymentPostprocessing = 0;
		};
/* End PBXResourcesBuildPhase section */

/* Begin PBXSourcesBuildPhase section */
		9C7E4A8E1C0EA8ED008F91F2 /* Sources */ = {
			isa = PBXSourcesBuildPhase;
			buildActionMask = 2147483647;
			files = (
				9C7E4AB01C0EA93E008F91F2 /* SKAudioBuffer.m in Sources */,
				9C7E4AB41C0EA970008F91F2 /* SKAudioConverter.m in Sources */,
				9C7E4A9D1C0EA8ED008F91F2 /* ViewController.m in Sources */,
				9C7E4A9A1C0EA8ED008F91F2 /* AppDelegate.m in Sources */,
				9C7E4AB11C0EA93E008F91F2 /* SKAudioParser.m in Sources */,
				9C7E4A971C0EA8ED008F91F2 /* main.m in Sources */,
			);
			runOnlyForDeploymentPostprocessing = 0;
		};
/* End PBXSourcesBuildPhase section */

/* Begin PBXVariantGroup section */
		9C7E4A9E1C0EA8ED008F91F2 /* Main.storyboard */ = {
			isa = PBXVariantGroup;
			children = (
				9C7E4A9F1C0EA8ED008F91F2 /* Base */,
			);
			name = Main.storyboard;
			sourceTree = "<group>";
		};
		9C7E4AA31C0EA8ED008F91F2 /* LaunchScreen.storyboard */ = {
			isa = PBXVariantGroup;
			children = (
				9C7E4AA41C0EA8ED008F91F2 /* Base */,
			);
			name = LaunchScreen.storyboard;
			sourceTree = "<group>";
		};
/* End PBXVariantGroup section */

/* Begin XCBuildConfiguration section */
		9C7E4AA71C0EA8ED008F91F2 /* Debug */ = {
			isa = XCBuildConfiguration;
			buildSettings = {
				ALWAYS_SEARCH_USER_PATHS = NO;
				CLANG_CXX_LANGUAGE_STANDARD = "gnu++0x";
				CLANG_CXX_LIBRARY = "libc++";
				CLANG_ENABLE_MODULES = YES;
				CLANG_ENABLE_OBJC_ARC = YES;
				CLANG_WARN_BOOL_CONVERSION = YES;
				CLANG_WARN_CONSTANT_CONVERSION = YES;
				CLANG_WARN_DIRECT_OBJC_ISA_USAGE = YES_ERROR;
				CLANG_WARN_EMPTY_BODY = YES;
				CLANG_WARN_ENUM_CONVERSION = YES;
				CLANG_WARN_INT_CONVERSION = YES;
				CLANG_WARN_OBJC_ROOT_CLASS = YES_ERROR;
				CLANG_WARN_UNREACHABLE_CODE = YES;
				CLANG_WARN__DUPLICATE_METHOD_MATCH = YES;
				"CODE_SIGN_IDENTITY[sdk=iphoneos*]" = "iPhone Developer";
				COPY_PHASE_STRIP = NO;
				DEBUG_INFORMATION_FORMAT = dwarf;
				ENABLE_STRICT_OBJC_MSGSEND = YES;
				ENABLE_TESTABILITY = YES;
				GCC_C_LANGUAGE_STANDARD = gnu99;
				GCC_DYNAMIC_NO_PIC = NO;
				GCC_NO_COMMON_BLOCKS = YES;
				GCC_OPTIMIZATION_LEVEL = 0;
				GCC_PREPROCESSOR_DEFINITIONS = (
					"DEBUG=1",
					"$(inherited)",
				);
				GCC_WARN_64_TO_32_BIT_CONVERSION = YES;
				GCC_WARN_ABOUT_RETURN_TYPE = YES_ERROR;
				GCC_WARN_UNDECLARED_SELECTOR = YES;
				GCC_WARN_UNINITIALIZED_AUTOS = YES_AGGRESSIVE;
				GCC_WARN_UNUSED_FUNCTION = YES;
				GCC_WARN_UNUSED_VARIABLE = YES;
				IPHONEOS_DEPLOYMENT_TARGET = 9.1;
				MTL_ENABLE_DEBUG_INFO = YES;
				ONLY_ACTIVE_ARCH = YES;
				SDKROOT = iphoneos;
				TARGETED_DEVICE_FAMILY = "1,2";
			};
			name = Debug;
		};
		9C7E4AA81C0EA8ED008F91F2 /* Release */ = {
			isa = XCBuildConfiguration;
			buildSettings = {
				ALWAYS_SEARCH_USER_PATHS = NO;
				CLANG_CXX_LANGUAGE_STANDARD = "gnu++0x";
				CLANG_CXX_LIBRARY = "libc++";
				CLANG_ENABLE_MODULES = YES;
				CLANG_ENABLE_OBJC_ARC = YES;
				CLANG_WARN_BOOL_CONVERSION = YES;
				CLANG_WARN_CONSTANT_CONVERSION = YES;
				CLANG_WARN_DIRECT_OBJC_ISA_USAGE = YES_ERROR;
				CLANG_WARN_EMPTY_BODY = YES;
				CLANG_WARN_ENUM_CONVERSION = YES;
				CLANG_WARN_INT_CONVERSION = YES;
				CLANG_WARN_OBJC_ROOT_CLASS = YES_ERROR;
				CLANG_WARN_UNREACHABLE_CODE = YES;
				CLANG_WARN__DUPLICATE_METHOD_MATCH = YES;
				"CODE_SIGN_IDENTITY[sdk=iphoneos*]" = "iPhone Developer";
				COPY_PHASE_STRIP = NO;
				DEBUG_INFORMATION_FORMAT = "dwarf-with-dsym";
				ENABLE_NS_ASSERTIONS = NO;
				ENABLE_STRICT_OBJC_MSGSEND = YES;
				GCC_C_LANGUAGE_STANDARD = gnu99;
				GCC_NO_COMMON_BLOCKS = YES;
				GCC_WARN_64_TO_32_BIT_CONVERSION = YES;
				GCC_WARN_ABOUT_RETURN_TYPE = YES_ERROR;
				GCC_WARN_UNDECLARED_SELECTOR = YES;
				GCC_WARN_UNINITIALIZED_AUTOS = YES_AGGRESSIVE;
				GCC_WARN_UNUSED_FUNCTION = YES;
				GCC_WARN_UNUSED_VARIABLE = YES;
				IPHONEOS_DEPLOYMENT_TARGET = 9.1;
				MTL_ENABLE_DEBUG_INFO = NO;
				SDKROOT = iphoneos;
				TARGETED_DEVICE_FAMILY = "1,2";
				VALIDATE_PRODUCT = YES;
			};
			name = Release;
		};
		9C7E4AAA1C0EA8ED008F91F2 /* Debug */ = {
			isa = XCBuildConfiguration;
			buildSettings = {
				ASSETCATALOG_COMPILER_APPICON_NAME = AppIcon;
				CODE_SIGN_IDENTITY = "iPhone Developer";
				INFOPLIST_FILE = RemoteInput/Info.plist;
				LD_RUNPATH_SEARCH_PATHS = "$(inherited) @executable_path/Frameworks";
				PRODUCT_BUNDLE_IDENTIFIER = SK.RemoteInput;
				PRODUCT_NAME = "$(TARGET_NAME)";
			};
			name = Debug;
		};
		9C7E4AAB1C0EA8ED008F91F2 /* Release */ = {
			isa = XCBuildConfiguration;
			buildSettings = {
				ASSETCATALOG_COMPILER_APPICON_NAME = AppIcon;
				CODE_SIGN_IDENTITY = "iPhone Developer";
				INFOPLIST_FILE = RemoteInput/Info.plist;
				LD_RUNPATH_SEARCH_PATHS = "$(inherited) @executable_path/Frameworks";
				PRODUCT_BUNDLE_IDENTIFIER = SK.RemoteInput;
				PRODUCT_NAME = "$(TARGET_NAME)";
			};
			name = Release;
		};
/* End XCBuildConfiguration section */

/* Begin XCConfigurationList section */
		9C7E4A8D1C0EA8ED008F91F2 /* Build configuration list for PBXProject "RemoteInput" */ = {
			isa = XCConfigurationList;
			buildConfigurations = (
				9C7E4AA71C0EA8ED008F91F2 /* Debug */,
				9C7E4AA81C0EA8ED008F91F2 /* Release */,
			);
			defaultConfigurationIsVisible = 0;
			defaultConfigurationName = Release;
		};
		9C7E4AA91C0EA8ED008F91F2 /* Build configuration list for PBXNativeTarget "RemoteInput" */ = {
			isa = XCConfigurationList;
			buildConfigurations = (
				9C7E4AAA1C0EA8ED008F91F2 /* Debug */,
				9C7E4AAB1C0EA8ED008F91F2 /* Release */,
			);
			defaultConfigurationIsVisible = 0;
		};
/* End XCConfigurationList section */
	};
	rootObject = 9C7E4A8A1C0EA8ED008F91F2 /* Project object */;
}
